
Microsoft Visual Studio Solution File, Format Version 12.00
# Visual Studio 14
VisualStudioVersion = 14.0.25420.1
MinimumVisualStudioVersion = 10.0.40219.1
Project("{FAE04EC0-301F-11D3-BF4B-00C04F79EFBC}") = "NServiceBusPostgrePersistence", "NServiceBusPostgrePersistence\NServiceBusPostgrePersistence.csproj", "{C468692E-7E08-47BF-ACBF-CC16AD22926B}"
EndProject
Project("{FAE04EC0-301F-11D3-BF4B-00C04F79EFBC}") = "TestApp", "TestApp\TestApp.csproj", "{F1B6992C-002D-46B1-BB5B-3EA9C616D195}"
EndProject
Global
	GlobalSection(SolutionConfigurationPlatforms) = preSolution
		Debug|Any CPU = Debug|Any CPU
		Release|Any CPU = Release|Any CPU
	EndGlobalSection
	GlobalSection(ProjectConfigurationPlatforms) = postSolution
		{C468692E-7E08-47BF-ACBF-CC16AD22926B}.Debug|Any CPU.ActiveCfg = Debug|Any CPU
		{C468692E-7E08-47BF-ACBF-CC16AD22926B}.Debug|Any CPU.Build.0 = Debug|Any CPU
		{C468692E-7E08-47BF-ACBF-CC16AD22926B}.Release|Any CPU.ActiveCfg = Release|Any CPU
		{C468692E-7E08-47BF-ACBF-CC16AD22926B}.Release|Any CPU.Build.0 = Release|Any CPU
		{F1B6992C-002D-46B1-BB5B-3EA9C616D195}.Debug|Any CPU.ActiveCfg = Debug|Any CPU
		{F1B6992C-002D-46B1-BB5B-3EA9C616D195}.Debug|Any CPU.Build.0 = Debug|Any CPU
		{F1B6992C-002D-46B1-BB5B-3EA9C616D195}.Release|Any CPU.ActiveCfg = Release|Any CPU
		{F1B6992C-002D-46B1-BB5B-3EA9C616D195}.Release|Any CPU.Build.0 = Release|Any CPU
	EndGlobalSection
	GlobalSection(SolutionProperties) = preSolution
		HideSolutionNode = FALSE
	EndGlobalSection
EndGlobal
